Microsoft Visual Studio Solution File, Format Version 12.00
# Visual Studio Version 17
VisualStudioVersion = 17.5.2.0
MinimumVisualStudioVersion = 10.0.40219.1
Project("{FAE04EC0-301F-11D3-BF4B-00C04F79EFBC}") = "Arduino-data-streamer", "Arduino-data-streamer.csproj", "{F1CC533F-4892-5D09-98DD-945D9D52F80E}"
EndProject
Global
	GlobalSection(SolutionConfigurationPlatforms) = preSolution
		Debug|Any CPU = Debug|Any CPU
		Release|Any CPU = Release|Any CPU
	EndGlobalSection
	GlobalSection(ProjectConfigurationPlatforms) = postSolution
		{F1CC533F-4892-5D09-98DD-945D9D52F80E}.Debug|Any CPU.ActiveCfg = Debug|Any CPU
		{F1CC533F-4892-5D09-98DD-945D9D52F80E}.Debug|Any CPU.Build.0 = Debug|Any CPU
		{F1CC533F-4892-5D09-98DD-945D9D52F80E}.Release|Any CPU.ActiveCfg = Release|Any CPU
		{F1CC533F-4892-5D09-98DD-945D9D52F80E}.Release|Any CPU.Build.0 = Release|Any CPU
	EndGlobalSection
	GlobalSection(SolutionProperties) = preSolution
		HideSolutionNode = FALSE
	EndGlobalSection
	GlobalSection(ExtensibilityGlobals) = postSolution
		SolutionGuid = {06980675-9862-4292-9D06-6671C01DD66A}
	EndGlobalSection
EndGlobal
